
Microsoft Visual Studio Solution File, Format Version 12.00
# Visual Studio 15
VisualStudioVersion = 15.0.27428.2015
MinimumVisualStudioVersion = 10.0.40219.1
Project("{9A19103F-16F7-4668-BE54-9A1E7A4F7556}") = "MvvmApp.Core", "MvvmApp.Core\MvvmApp.Core.csproj", "{E00FBF5C-E70E-420F-A65D-9C48CFCFCA0A}"
EndProject
Project("{FAE04EC0-301F-11D3-BF4B-00C04F79EFBC}") = "MvvmApp.WPF", "MvvmApp.WPF\MvvmApp.WPF.csproj", "{FF27EB68-AE00-4C5F-A72B-07703E3A5320}"
EndProject
Project("{FAE04EC0-301F-11D3-BF4B-00C04F79EFBC}") = "MvvmApp.UWP", "MvvmApp.UWP\MvvmApp.UWP.csproj", "{72B72493-824C-4314-843E-7ACC89F92746}"
EndProject
Project("{FAE04EC0-301F-11D3-BF4B-00C04F79EFBC}") = "MvvmApp.XamarinForms.Android", "MvvmApp.XamarinForms\MvvmApp.XamarinForms.Android\MvvmApp.XamarinForms.Android.csproj", "{CCC3F745-3A0A-487B-AEDE-DE24CB9C2DA0}"
EndProject
Project("{FAE04EC0-301F-11D3-BF4B-00C04F79EFBC}") = "MvvmApp.XamarinForms.iOS", "MvvmApp.XamarinForms\MvvmApp.XamarinForms.iOS\MvvmApp.XamarinForms.iOS.csproj", "{8E04C381-AFCA-4BC5-946D-933B7764B2ED}"
EndProject
Project("{9A19103F-16F7-4668-BE54-9A1E7A4F7556}") = "MvvmApp.XamarinForms", "MvvmApp.XamarinForms\MvvmApp.XamarinForms\MvvmApp.XamarinForms.csproj", "{11B14797-AB92-4B00-9A06-60F566DB5397}"
EndProject
Global
	GlobalSection(SolutionConfigurationPlatforms) = preSolution
		Ad-Hoc|Any CPU = Ad-Hoc|Any CPU
		Ad-Hoc|ARM = Ad-Hoc|ARM
		Ad-Hoc|iPhone = Ad-Hoc|iPhone
		Ad-Hoc|iPhoneSimulator = Ad-Hoc|iPhoneSimulator
		Ad-Hoc|x64 = Ad-Hoc|x64
		Ad-Hoc|x86 = Ad-Hoc|x86
		AppStore|Any CPU = AppStore|Any CPU
		AppStore|ARM = AppStore|ARM
		AppStore|iPhone = AppStore|iPhone
		AppStore|iPhoneSimulator = AppStore|iPhoneSimulator
		AppStore|x64 = AppStore|x64
		AppStore|x86 = AppStore|x86
		Debug|Any CPU = Debug|Any CPU
		Debug|ARM = Debug|ARM
		Debug|iPhone = Debug|iPhone
		Debug|iPhoneSimulator = Debug|iPhoneSimulator
		Debug|x64 = Debug|x64
		Debug|x86 = Debug|x86
		Release|Any CPU = Release|Any CPU
		Release|ARM = Release|ARM
		Release|iPhone = Release|iPhone
		Release|iPhoneSimulator = Release|iPhoneSimulator
		Release|x64 = Release|x64
		Release|x86 = Release|x86
	EndGlobalSection
	GlobalSection(ProjectConfigurationPlatforms) = postSolution
		{E00FBF5C-E70E-420F-A65D-9C48CFCFCA0A}.Ad-Hoc|Any CPU.ActiveCfg = Debug|Any CPU
		{E00FBF5C-E70E-420F-A65D-9C48CFCFCA0A}.Ad-Hoc|Any CPU.Build.0 = Debug|Any CPU
		{E00FBF5C-E70E-420F-A65D-9C48CFCFCA0A}.Ad-Hoc|ARM.ActiveCfg = Debug|Any CPU
		{E00FBF5C-E70E-420F-A65D-9C48CFCFCA0A}.Ad-Hoc|ARM.Build.0 = Debug|Any CPU
		{E00FBF5C-E70E-420F-A65D-9C48CFCFCA0A}.Ad-Hoc|iPhone.ActiveCfg = Debug|Any CPU
		{E00FBF5C-E70E-420F-A65D-9C48CFCFCA0A}.Ad-Hoc|iPhone.Build.0 = Debug|Any CPU
		{E00FBF5C-E70E-420F-A65D-9C48CFCFCA0A}.Ad-Hoc|iPhoneSimulator.ActiveCfg = Debug|Any CPU
		{E00FBF5C-E70E-420F-A65D-9C48CFCFCA0A}.Ad-Hoc|iPhoneSimulator.Build.0 = Debug|Any CPU
		{E00FBF5C-E70E-420F-A65D-9C48CFCFCA0A}.Ad-Hoc|x64.ActiveCfg = Debug|Any CPU
		{E00FBF5C-E70E-420F-A65D-9C48CFCFCA0A}.Ad-Hoc|x64.Build.0 = Debug|Any CPU
		{E00FBF5C-E70E-420F-A65D-9C48CFCFCA0A}.Ad-Hoc|x86.ActiveCfg = Debug|Any CPU
		{E00FBF5C-E70E-420F-A65D-9C48CFCFCA0A}.Ad-Hoc|x86.Build.0 = Debug|Any CPU
		{E00FBF5C-E70E-420F-A65D-9C48CFCFCA0A}.AppStore|Any CPU.ActiveCfg = Debug|Any CPU
		{E00FBF5C-E70E-420F-A65D-9C48CFCFCA0A}.AppStore|Any CPU.Build.0 = Debug|Any CPU
		{E00FBF5C-E70E-420F-A65D-9C48CFCFCA0A}.AppStore|ARM.ActiveCfg = Debug|Any CPU
		{E00FBF5C-E70E-420F-A65D-9C48CFCFCA0A}.AppStore|ARM.Build.0 = Debug|Any CPU
		{E00FBF5C-E70E-420F-A65D-9C48CFCFCA0A}.AppStore|iPhone.ActiveCfg = Debug|Any CPU
		{E00FBF5C-E70E-420F-A65D-9C48CFCFCA0A}.AppStore|iPhone.Build.0 = Debug|Any CPU
		{E00FBF5C-E70E-420F-A65D-9C48CFCFCA0A}.AppStore|iPhoneSimulator.ActiveCfg = Debug|Any CPU
		{E00FBF5C-E70E-420F-A65D-9C48CFCFCA0A}.AppStore|iPhoneSimulator.Build.0 = Debug|Any CPU
		{E00FBF5C-E70E-420F-A65D-9C48CFCFCA0A}.AppStore|x64.ActiveCfg = Debug|Any CPU
		{E00FBF5C-E70E-420F-A65D-9C48CFCFCA0A}.AppStore|x64.Build.0 = Debug|Any CPU
		{E00FBF5C-E70E-420F-A65D-9C48CFCFCA0A}.AppStore|x86.ActiveCfg = Debug|Any CPU
		{E00FBF5C-E70E-420F-A65D-9C48CFCFCA0A}.AppStore|x86.Build.0 = Debug|Any CPU
		{E00FBF5C-E70E-420F-A65D-9C48CFCFCA0A}.Debug|Any CPU.ActiveCfg = Debug|Any CPU
		{E00FBF5C-E70E-420F-A65D-9C48CFCFCA0A}.Debug|Any CPU.Build.0 = Debug|Any CPU
		{E00FBF5C-E70E-420F-A65D-9C48CFCFCA0A}.Debug|ARM.ActiveCfg = Debug|Any CPU
		{E00FBF5C-E70E-420F-A65D-9C48CFCFCA0A}.Debug|ARM.Build.0 = Debug|Any CPU
		{E00FBF5C-E70E-420F-A65D-9C48CFCFCA0A}.Debug|iPhone.ActiveCfg = Debug|Any CPU
		{E00FBF5C-E70E-420F-A65D-9C48CFCFCA0A}.Debug|iPhone.Build.0 = Debug|Any CPU
		{E00FBF5C-E70E-420F-A65D-9C48CFCFCA0A}.Debug|iPhoneSimulator.ActiveCfg = Debug|Any CPU
		{E00FBF5C-E70E-420F-A65D-9C48CFCFCA0A}.Debug|iPhoneSimulator.Build.0 = Debug|Any CPU
		{E00FBF5C-E70E-420F-A65D-9C48CFCFCA0A}.Debug|x64.ActiveCfg = Debug|Any CPU
		{E00FBF5C-E70E-420F-A65D-9C48CFCFCA0A}.Debug|x64.Build.0 = Debug|Any CPU
		{E00FBF5C-E70E-420F-A65D-9C48CFCFCA0A}.Debug|x86.ActiveCfg = Debug|Any CPU
		{E00FBF5C-E70E-420F-A65D-9C48CFCFCA0A}.Debug|x86.Build.0 = Debug|Any CPU
		{E00FBF5C-E70E-420F-A65D-9C48CFCFCA0A}.Release|Any CPU.ActiveCfg = Release|Any CPU
		{E00FBF5C-E70E-420F-A65D-9C48CFCFCA0A}.Release|Any CPU.Build.0 = Release|Any CPU
		{E00FBF5C-E70E-420F-A65D-9C48CFCFCA0A}.Release|ARM.ActiveCfg = Release|Any CPU
		{E00FBF5C-E70E-420F-A65D-9C48CFCFCA0A}.Release|ARM.Build.0 = Release|Any CPU
		{E00FBF5C-E70E-420F-A65D-9C48CFCFCA0A}.Release|iPhone.ActiveCfg = Release|Any CPU
		{E00FBF5C-E70E-420F-A65D-9C48CFCFCA0A}.Release|iPhone.Build.0 = Release|Any CPU
		{E00FBF5C-E70E-420F-A65D-9C48CFCFCA0A}.Release|iPhoneSimulator.ActiveCfg = Release|Any CPU
		{E00FBF5C-E70E-420F-A65D-9C48CFCFCA0A}.Release|iPhoneSimulator.Build.0 = Release|Any CPU
		{E00FBF5C-E70E-420F-A65D-9C48CFCFCA0A}.Release|x64.ActiveCfg = Release|Any CPU
		{E00FBF5C-E70E-420F-A65D-9C48CFCFCA0A}.Release|x64.Build.0 = Release|Any CPU
		{E00FBF5C-E70E-420F-A65D-9C48CFCFCA0A}.Release|x86.ActiveCfg = Release|Any CPU
		{E00FBF5C-E70E-420F-A65D-9C48CFCFCA0A}.Release|x86.Build.0 = Release|Any CPU
		{FF27EB68-AE00-4C5F-A72B-07703E3A5320}.Ad-Hoc|Any CPU.ActiveCfg = Release|Any CPU
		{FF27EB68-AE00-4C5F-A72B-07703E3A5320}.Ad-Hoc|Any CPU.Build.0 = Release|Any CPU
		{FF27EB68-AE00-4C5F-A72B-07703E3A5320}.Ad-Hoc|ARM.ActiveCfg = Release|Any CPU
		{FF27EB68-AE00-4C5F-A72B-07703E3A5320}.Ad-Hoc|ARM.Build.0 = Release|Any CPU
		{FF27EB68-AE00-4C5F-A72B-07703E3A5320}.Ad-Hoc|iPhone.ActiveCfg = Release|Any CPU
		{FF27EB68-AE00-4C5F-A72B-07703E3A5320}.Ad-Hoc|iPhone.Build.0 = Release|Any CPU
		{FF27EB68-AE00-4C5F-A72B-07703E3A5320}.Ad-Hoc|iPhoneSimulator.ActiveCfg = Release|Any CPU
		{FF27EB68-AE00-4C5F-A72B-07703E3A5320}.Ad-Hoc|iPhoneSimulator.Build.0 = Release|Any CPU
		{FF27EB68-AE00-4C5F-A72B-07703E3A5320}.Ad-Hoc|x64.ActiveCfg = Release|Any CPU
		{FF27EB68-AE00-4C5F-A72B-07703E3A5320}.Ad-Hoc|x64.Build.0 = Release|Any CPU
		{FF27EB68-AE00-4C5F-A72B-07703E3A5320}.Ad-Hoc|x86.ActiveCfg = Release|Any CPU
		{FF27EB68-AE00-4C5F-A72B-07703E3A5320}.Ad-Hoc|x86.Build.0 = Release|Any CPU
		{FF27EB68-AE00-4C5F-A72B-07703E3A5320}.AppStore|Any CPU.ActiveCfg = Release|Any CPU
		{FF27EB68-AE00-4C5F-A72B-07703E3A5320}.AppStore|Any CPU.Build.0 = Release|Any CPU
		{FF27EB68-AE00-4C5F-A72B-07703E3A5320}.AppStore|ARM.ActiveCfg = Release|Any CPU
		{FF27EB68-AE00-4C5F-A72B-07703E3A5320}.AppStore|ARM.Build.0 = Release|Any CPU
		{FF27EB68-AE00-4C5F-A72B-07703E3A5320}.AppStore|iPhone.ActiveCfg = Release|Any CPU
		{FF27EB68-AE00-4C5F-A72B-07703E3A5320}.AppStore|iPhone.Build.0 = Release|Any CPU
		{FF27EB68-AE00-4C5F-A72B-07703E3A5320}.AppStore|iPhoneSimulator.ActiveCfg = Release|Any CPU
		{FF27EB68-AE00-4C5F-A72B-07703E3A5320}.AppStore|iPhoneSimulator.Build.0 = Release|Any CPU
		{FF27EB68-AE00-4C5F-A72B-07703E3A5320}.AppStore|x64.ActiveCfg = Release|Any CPU
		{FF27EB68-AE00-4C5F-A72B-07703E3A5320}.AppStore|x64.Build.0 = Release|Any CPU
		{FF27EB68-AE00-4C5F-A72B-07703E3A5320}.AppStore|x86.ActiveCfg = Release|Any CPU
		{FF27EB68-AE00-4C5F-A72B-07703E3A5320}.AppStore|x86.Build.0 = Release|Any CPU
		{FF27EB68-AE00-4C5F-A72B-07703E3A5320}.Debug|Any CPU.ActiveCfg = Debug|Any CPU
		{FF27EB68-AE00-4C5F-A72B-07703E3A5320}.Debug|Any CPU.Build.0 = Debug|Any CPU
		{FF27EB68-AE00-4C5F-A72B-07703E3A5320}.Debug|ARM.ActiveCfg = Debug|Any CPU
		{FF27EB68-AE00-4C5F-A72B-07703E3A5320}.Debug|ARM.Build.0 = Debug|Any CPU
		{FF27EB68-AE00-4C5F-A72B-07703E3A5320}.Debug|iPhone.ActiveCfg = Debug|Any CPU
		{FF27EB68-AE00-4C5F-A72B-07703E3A5320}.Debug|iPhone.Build.0 = Debug|Any CPU
		{FF27EB68-AE00-4C5F-A72B-07703E3A5320}.Debug|iPhoneSimulator.ActiveCfg = Debug|Any CPU
		{FF27EB68-AE00-4C5F-A72B-07703E3A5320}.Debug|iPhoneSimulator.Build.0 = Debug|Any CPU
		{FF27EB68-AE00-4C5F-A72B-07703E3A5320}.Debug|x64.ActiveCfg = Debug|Any CPU
		{FF27EB68-AE00-4C5F-A72B-07703E3A5320}.Debug|x64.Build.0 = Debug|Any CPU
		{FF27EB68-AE00-4C5F-A72B-07703E3A5320}.Debug|x86.ActiveCfg = Debug|Any CPU
		{FF27EB68-AE00-4C5F-A72B-07703E3A5320}.Debug|x86.Build.0 = Debug|Any CPU
		{FF27EB68-AE00-4C5F-A72B-07703E3A5320}.Release|Any CPU.ActiveCfg = Release|Any CPU
		{FF27EB68-AE00-4C5F-A72B-07703E3A5320}.Release|Any CPU.Build.0 = Release|Any CPU
		{FF27EB68-AE00-4C5F-A72B-07703E3A5320}.Release|ARM.ActiveCfg = Release|Any CPU
		{FF27EB68-AE00-4C5F-A72B-07703E3A5320}.Release|ARM.Build.0 = Release|Any CPU
		{FF27EB68-AE00-4C5F-A72B-07703E3A5320}.Release|iPhone.ActiveCfg = Release|Any CPU
		{FF27EB68-AE00-4C5F-A72B-07703E3A5320}.Release|iPhone.Build.0 = Release|Any CPU
		{FF27EB68-AE00-4C5F-A72B-07703E3A5320}.Release|iPhoneSimulator.ActiveCfg = Release|Any CPU
		{FF27EB68-AE00-4C5F-A72B-07703E3A5320}.Release|iPhoneSimulator.Build.0 = Release|Any CPU
		{FF27EB68-AE00-4C5F-A72B-07703E3A5320}.Release|x64.ActiveCfg = Release|Any CPU
		{FF27EB68-AE00-4C5F-A72B-07703E3A5320}.Release|x64.Build.0 = Release|Any CPU
		{FF27EB68-AE00-4C5F-A72B-07703E3A5320}.Release|x86.ActiveCfg = Release|Any CPU
		{FF27EB68-AE00-4C5F-A72B-07703E3A5320}.Release|x86.Build.0 = Release|Any CPU
		{72B72493-824C-4314-843E-7ACC89F92746}.Ad-Hoc|Any CPU.ActiveCfg = Release|x64
		{72B72493-824C-4314-843E-7ACC89F92746}.Ad-Hoc|Any CPU.Build.0 = Release|x64
		{72B72493-824C-4314-843E-7ACC89F92746}.Ad-Hoc|Any CPU.Deploy.0 = Release|x64
		{72B72493-824C-4314-843E-7ACC89F92746}.Ad-Hoc|ARM.ActiveCfg = Release|ARM
		{72B72493-824C-4314-843E-7ACC89F92746}.Ad-Hoc|ARM.Build.0 = Release|ARM
		{72B72493-824C-4314-843E-7ACC89F92746}.Ad-Hoc|ARM.Deploy.0 = Release|ARM
		{72B72493-824C-4314-843E-7ACC89F92746}.Ad-Hoc|iPhone.ActiveCfg = Release|x64
		{72B72493-824C-4314-843E-7ACC89F92746}.Ad-Hoc|iPhone.Build.0 = Release|x64
		{72B72493-824C-4314-843E-7ACC89F92746}.Ad-Hoc|iPhone.Deploy.0 = Release|x64
		{72B72493-824C-4314-843E-7ACC89F92746}.Ad-Hoc|iPhoneSimulator.ActiveCfg = Release|x64
		{72B72493-824C-4314-843E-7ACC89F92746}.Ad-Hoc|iPhoneSimulator.Build.0 = Release|x64
		{72B72493-824C-4314-843E-7ACC89F92746}.Ad-Hoc|iPhoneSimulator.Deploy.0 = Release|x64
		{72B72493-824C-4314-843E-7ACC89F92746}.Ad-Hoc|x64.ActiveCfg = Release|x64
		{72B72493-824C-4314-843E-7ACC89F92746}.Ad-Hoc|x64.Build.0 = Release|x64
		{72B72493-824C-4314-843E-7ACC89F92746}.Ad-Hoc|x64.Deploy.0 = Release|x64
		{72B72493-824C-4314-843E-7ACC89F92746}.Ad-Hoc|x86.ActiveCfg = Release|x86
		{72B72493-824C-4314-843E-7ACC89F92746}.Ad-Hoc|x86.Build.0 = Release|x86
		{72B72493-824C-4314-843E-7ACC89F92746}.Ad-Hoc|x86.Deploy.0 = Release|x86
		{72B72493-824C-4314-843E-7ACC89F92746}.AppStore|Any CPU.ActiveCfg = Release|x64
		{72B72493-824C-4314-843E-7ACC89F92746}.AppStore|Any CPU.Build.0 = Release|x64
		{72B72493-824C-4314-843E-7ACC89F92746}.AppStore|Any CPU.Deploy.0 = Release|x64
		{72B72493-824C-4314-843E-7ACC89F92746}.AppStore|ARM.ActiveCfg = Release|ARM
		{72B72493-824C-4314-843E-7ACC89F92746}.AppStore|ARM.Build.0 = Release|ARM
		{72B72493-824C-4314-843E-7ACC89F92746}.AppStore|ARM.Deploy.0 = Release|ARM
		{72B72493-824C-4314-843E-7ACC89F92746}.AppStore|iPhone.ActiveCfg = Release|x64
		{72B72493-824C-4314-843E-7ACC89F92746}.AppStore|iPhone.Build.0 = Release|x64
		{72B72493-824C-4314-843E-7ACC89F92746}.AppStore|iPhone.Deploy.0 = Release|x64
		{72B72493-824C-4314-843E-7ACC89F92746}.AppStore|iPhoneSimulator.ActiveCfg = Release|x64
		{72B72493-824C-4314-843E-7ACC89F92746}.AppStore|iPhoneSimulator.Build.0 = Release|x64
		{72B72493-824C-4314-843E-7ACC89F92746}.AppStore|iPhoneSimulator.Deploy.0 = Release|x64
		{72B72493-824C-4314-843E-7ACC89F92746}.AppStore|x64.ActiveCfg = Release|x64
		{72B72493-824C-4314-843E-7ACC89F92746}.AppStore|x64.Build.0 = Release|x64
		{72B72493-824C-4314-843E-7ACC89F92746}.AppStore|x64.Deploy.0 = Release|x64
		{72B72493-824C-4314-843E-7ACC89F92746}.AppStore|x86.ActiveCfg = Release|x86
		{72B72493-824C-4314-843E-7ACC89F92746}.AppStore|x86.Build.0 = Release|x86
		{72B72493-824C-4314-843E-7ACC89F92746}.AppStore|x86.Deploy.0 = Release|x86
		{72B72493-824C-4314-843E-7ACC89F92746}.Debug|Any CPU.ActiveCfg = Debug|x86
		{72B72493-824C-4314-843E-7ACC89F92746}.Debug|ARM.ActiveCfg = Debug|ARM
		{72B72493-824C-4314-843E-7ACC89F92746}.Debug|ARM.Build.0 = Debug|ARM
		{72B72493-824C-4314-843E-7ACC89F92746}.Debug|ARM.Deploy.0 = Debug|ARM
		{72B72493-824C-4314-843E-7ACC89F92746}.Debug|iPhone.ActiveCfg = Debug|x86
		{72B72493-824C-4314-843E-7ACC89F92746}.Debug|iPhoneSimulator.ActiveCfg = Debug|x86
		{72B72493-824C-4314-843E-7ACC89F92746}.Debug|x64.ActiveCfg = Debug|x64
		{72B72493-824C-4314-843E-7ACC89F92746}.Debug|x64.Build.0 = Debug|x64
		{72B72493-824C-4314-843E-7ACC89F92746}.Debug|x64.Deploy.0 = Debug|x64
		{72B72493-824C-4314-843E-7ACC89F92746}.Debug|x86.ActiveCfg = Debug|x86
		{72B72493-824C-4314-843E-7ACC89F92746}.Debug|x86.Build.0 = Debug|x86
		{72B72493-824C-4314-843E-7ACC89F92746}.Debug|x86.Deploy.0 = Debug|x86
		{72B72493-824C-4314-843E-7ACC89F92746}.Release|Any CPU.ActiveCfg = Release|x86
		{72B72493-824C-4314-843E-7ACC89F92746}.Release|ARM.ActiveCfg = Release|ARM
		{72B72493-824C-4314-843E-7ACC89F92746}.Release|ARM.Build.0 = Release|ARM
		{72B72493-824C-4314-843E-7ACC89F92746}.Release|ARM.Deploy.0 = Release|ARM
		{72B72493-824C-4314-843E-7ACC89F92746}.Release|iPhone.ActiveCfg = Release|x86
		{72B72493-824C-4314-843E-7ACC89F92746}.Release|iPhoneSimulator.ActiveCfg = Release|x86
		{72B72493-824C-4314-843E-7ACC89F92746}.Release|x64.ActiveCfg = Release|x64
		{72B72493-824C-4314-843E-7ACC89F92746}.Release|x64.Build.0 = Release|x64
		{72B72493-824C-4314-843E-7ACC89F92746}.Release|x64.Deploy.0 = Release|x64
		{72B72493-824C-4314-843E-7ACC89F92746}.Release|x86.ActiveCfg = Release|x86
		{72B72493-824C-4314-843E-7ACC89F92746}.Release|x86.Build.0 = Release|x86
		{72B72493-824C-4314-843E-7ACC89F92746}.Release|x86.Deploy.0 = Release|x86
		{CCC3F745-3A0A-487B-AEDE-DE24CB9C2DA0}.Ad-Hoc|Any CPU.ActiveCfg = Release|Any CPU
		{CCC3F745-3A0A-487B-AEDE-DE24CB9C2DA0}.Ad-Hoc|Any CPU.Build.0 = Release|Any CPU
		{CCC3F745-3A0A-487B-AEDE-DE24CB9C2DA0}.Ad-Hoc|Any CPU.Deploy.0 = Release|Any CPU
		{CCC3F745-3A0A-487B-AEDE-DE24CB9C2DA0}.Ad-Hoc|ARM.ActiveCfg = Release|Any CPU
		{CCC3F745-3A0A-487B-AEDE-DE24CB9C2DA0}.Ad-Hoc|ARM.Build.0 = Release|Any CPU
		{CCC3F745-3A0A-487B-AEDE-DE24CB9C2DA0}.Ad-Hoc|ARM.Deploy.0 = Release|Any CPU
		{CCC3F745-3A0A-487B-AEDE-DE24CB9C2DA0}.Ad-Hoc|iPhone.ActiveCfg = Release|Any CPU
		{CCC3F745-3A0A-487B-AEDE-DE24CB9C2DA0}.Ad-Hoc|iPhone.Build.0 = Release|Any CPU
		{CCC3F745-3A0A-487B-AEDE-DE24CB9C2DA0}.Ad-Hoc|iPhone.Deploy.0 = Release|Any CPU
		{CCC3F745-3A0A-487B-AEDE-DE24CB9C2DA0}.Ad-Hoc|iPhoneSimulator.ActiveCfg = Release|Any CPU
		{CCC3F745-3A0A-487B-AEDE-DE24CB9C2DA0}.Ad-Hoc|iPhoneSimulator.Build.0 = Release|Any CPU
		{CCC3F745-3A0A-487B-AEDE-DE24CB9C2DA0}.Ad-Hoc|iPhoneSimulator.Deploy.0 = Release|Any CPU
		{CCC3F745-3A0A-487B-AEDE-DE24CB9C2DA0}.Ad-Hoc|x64.ActiveCfg = Release|Any CPU
		{CCC3F745-3A0A-487B-AEDE-DE24CB9C2DA0}.Ad-Hoc|x64.Build.0 = Release|Any CPU
		{CCC3F745-3A0A-487B-AEDE-DE24CB9C2DA0}.Ad-Hoc|x64.Deploy.0 = Release|Any CPU
		{CCC3F745-3A0A-487B-AEDE-DE24CB9C2DA0}.Ad-Hoc|x86.ActiveCfg = Release|Any CPU
		{CCC3F745-3A0A-487B-AEDE-DE24CB9C2DA0}.Ad-Hoc|x86.Build.0 = Release|Any CPU
		{CCC3F745-3A0A-487B-AEDE-DE24CB9C2DA0}.Ad-Hoc|x86.Deploy.0 = Release|Any CPU
		{CCC3F745-3A0A-487B-AEDE-DE24CB9C2DA0}.AppStore|Any CPU.ActiveCfg = Release|Any CPU
		{CCC3F745-3A0A-487B-AEDE-DE24CB9C2DA0}.AppStore|Any CPU.Build.0 = Release|Any CPU
		{CCC3F745-3A0A-487B-AEDE-DE24CB9C2DA0}.AppStore|Any CPU.Deploy.0 = Release|Any CPU
		{CCC3F745-3A0A-487B-AEDE-DE24CB9C2DA0}.AppStore|ARM.ActiveCfg = Release|Any CPU
		{CCC3F745-3A0A-487B-AEDE-DE24CB9C2DA0}.AppStore|ARM.Build.0 = Release|Any CPU
		{CCC3F745-3A0A-487B-AEDE-DE24CB9C2DA0}.AppStore|ARM.Deploy.0 = Release|Any CPU
		{CCC3F745-3A0A-487B-AEDE-DE24CB9C2DA0}.AppStore|iPhone.ActiveCfg = Release|Any CPU
		{CCC3F745-3A0A-487B-AEDE-DE24CB9C2DA0}.AppStore|iPhone.Build.0 = Release|Any CPU
		{CCC3F745-3A0A-487B-AEDE-DE24CB9C2DA0}.AppStore|iPhone.Deploy.0 = Release|Any CPU
		{CCC3F745-3A0A-487B-AEDE-DE24CB9C2DA0}.AppStore|iPhoneSimulator.ActiveCfg = Release|Any CPU
		{CCC3F745-3A0A-487B-AEDE-DE24CB9C2DA0}.AppStore|iPhoneSimulator.Build.0 = Release|Any CPU
		{CCC3F745-3A0A-487B-AEDE-DE24CB9C2DA0}.AppStore|iPhoneSimulator.Deploy.0 = Release|Any CPU
		{CCC3F745-3A0A-487B-AEDE-DE24CB9C2DA0}.AppStore|x64.ActiveCfg = Release|Any CPU
		{CCC3F745-3A0A-487B-AEDE-DE24CB9C2DA0}.AppStore|x64.Build.0 = Release|Any CPU
		{CCC3F745-3A0A-487B-AEDE-DE24CB9C2DA0}.AppStore|x64.Deploy.0 = Release|Any CPU
		{CCC3F745-3A0A-487B-AEDE-DE24CB9C2DA0}.AppStore|x86.ActiveCfg = Release|Any CPU
		{CCC3F745-3A0A-487B-AEDE-DE24CB9C2DA0}.AppStore|x86.Build.0 = Release|Any CPU
		{CCC3F745-3A0A-487B-AEDE-DE24CB9C2DA0}.AppStore|x86.Deploy.0 = Release|Any CPU
		{CCC3F745-3A0A-487B-AEDE-DE24CB9C2DA0}.Debug|Any CPU.ActiveCfg = Debug|Any CPU
		{CCC3F745-3A0A-487B-AEDE-DE24CB9C2DA0}.Debug|Any CPU.Build.0 = Debug|Any CPU
		{CCC3F745-3A0A-487B-AEDE-DE24CB9C2DA0}.Debug|Any CPU.Deploy.0 = Debug|Any CPU
		{CCC3F745-3A0A-487B-AEDE-DE24CB9C2DA0}.Debug|ARM.ActiveCfg = Debug|Any CPU
		{CCC3F745-3A0A-487B-AEDE-DE24CB9C2DA0}.Debug|ARM.Build.0 = Debug|Any CPU
		{CCC3F745-3A0A-487B-AEDE-DE24CB9C2DA0}.Debug|ARM.Deploy.0 = Debug|Any CPU
		{CCC3F745-3A0A-487B-AEDE-DE24CB9C2DA0}.Debug|iPhone.ActiveCfg = Debug|Any CPU
		{CCC3F745-3A0A-487B-AEDE-DE24CB9C2DA0}.Debug|iPhone.Build.0 = Debug|Any CPU
		{CCC3F745-3A0A-487B-AEDE-DE24CB9C2DA0}.Debug|iPhone.Deploy.0 = Debug|Any CPU
		{CCC3F745-3A0A-487B-AEDE-DE24CB9C2DA0}.Debug|iPhoneSimulator.ActiveCfg = Debug|Any CPU
		{CCC3F745-3A0A-487B-AEDE-DE24CB9C2DA0}.Debug|iPhoneSimulator.Build.0 = Debug|Any CPU
		{CCC3F745-3A0A-487B-AEDE-DE24CB9C2DA0}.Debug|iPhoneSimulator.Deploy.0 = Debug|Any CPU
		{CCC3F745-3A0A-487B-AEDE-DE24CB9C2DA0}.Debug|x64.ActiveCfg = Debug|Any CPU
		{CCC3F745-3A0A-487B-AEDE-DE24CB9C2DA0}.Debug|x64.Build.0 = Debug|Any CPU
		{CCC3F745-3A0A-487B-AEDE-DE24CB9C2DA0}.Debug|x64.Deploy.0 = Debug|Any CPU
		{CCC3F745-3A0A-487B-AEDE-DE24CB9C2DA0}.Debug|x86.ActiveCfg = Debug|Any CPU
		{CCC3F745-3A0A-487B-AEDE-DE24CB9C2DA0}.Debug|x86.Build.0 = Debug|Any CPU
		{CCC3F745-3A0A-487B-AEDE-DE24CB9C2DA0}.Debug|x86.Deploy.0 = Debug|Any CPU
		{CCC3F745-3A0A-487B-AEDE-DE24CB9C2DA0}.Release|Any CPU.ActiveCfg = Release|Any CPU
		{CCC3F745-3A0A-487B-AEDE-DE24CB9C2DA0}.Release|Any CPU.Build.0 = Release|Any CPU
		{CCC3F745-3A0A-487B-AEDE-DE24CB9C2DA0}.Release|Any CPU.Deploy.0 = Release|Any CPU
		{CCC3F745-3A0A-487B-AEDE-DE24CB9C2DA0}.Release|ARM.ActiveCfg = Release|Any CPU
		{CCC3F745-3A0A-487B-AEDE-DE24CB9C2DA0}.Release|ARM.Build.0 = Release|Any CPU
		{CCC3F745-3A0A-487B-AEDE-DE24CB9C2DA0}.Release|ARM.Deploy.0 = Release|Any CPU
		{CCC3F745-3A0A-487B-AEDE-DE24CB9C2DA0}.Release|iPhone.ActiveCfg = Release|Any CPU
		{CCC3F745-3A0A-487B-AEDE-DE24CB9C2DA0}.Release|iPhone.Build.0 = Release|Any CPU
		{CCC3F745-3A0A-487B-AEDE-DE24CB9C2DA0}.Release|iPhone.Deploy.0 = Release|Any CPU
		{CCC3F745-3A0A-487B-AEDE-DE24CB9C2DA0}.Release|iPhoneSimulator.ActiveCfg = Release|Any CPU
		{CCC3F745-3A0A-487B-AEDE-DE24CB9C2DA0}.Release|iPhoneSimulator.Build.0 = Release|Any CPU
		{CCC3F745-3A0A-487B-AEDE-DE24CB9C2DA0}.Release|iPhoneSimulator.Deploy.0 = Release|Any CPU
		{CCC3F745-3A0A-487B-AEDE-DE24CB9C2DA0}.Release|x64.ActiveCfg = Release|Any CPU
		{CCC3F745-3A0A-487B-AEDE-DE24CB9C2DA0}.Release|x64.Build.0 = Release|Any CPU
		{CCC3F745-3A0A-487B-AEDE-DE24CB9C2DA0}.Release|x64.Deploy.0 = Release|Any CPU
		{CCC3F745-3A0A-487B-AEDE-DE24CB9C2DA0}.Release|x86.ActiveCfg = Release|Any CPU
		{CCC3F745-3A0A-487B-AEDE-DE24CB9C2DA0}.Release|x86.Build.0 = Release|Any CPU
		{CCC3F745-3A0A-487B-AEDE-DE24CB9C2DA0}.Release|x86.Deploy.0 = Release|Any CPU
		{8E04C381-AFCA-4BC5-946D-933B7764B2ED}.Ad-Hoc|Any CPU.ActiveCfg = Ad-Hoc|iPhone
		{8E04C381-AFCA-4BC5-946D-933B7764B2ED}.Ad-Hoc|ARM.ActiveCfg = Ad-Hoc|iPhone
		{8E04C381-AFCA-4BC5-946D-933B7764B2ED}.Ad-Hoc|iPhone.ActiveCfg = Ad-Hoc|iPhone
		{8E04C381-AFCA-4BC5-946D-933B7764B2ED}.Ad-Hoc|iPhone.Build.0 = Ad-Hoc|iPhone
		{8E04C381-AFCA-4BC5-946D-933B7764B2ED}.Ad-Hoc|iPhoneSimulator.ActiveCfg = Ad-Hoc|iPhoneSimulator
		{8E04C381-AFCA-4BC5-946D-933B7764B2ED}.Ad-Hoc|iPhoneSimulator.Build.0 = Ad-Hoc|iPhoneSimulator
		{8E04C381-AFCA-4BC5-946D-933B7764B2ED}.Ad-Hoc|x64.ActiveCfg = Ad-Hoc|iPhone
		{8E04C381-AFCA-4BC5-946D-933B7764B2ED}.Ad-Hoc|x86.ActiveCfg = Ad-Hoc|iPhone
		{8E04C381-AFCA-4BC5-946D-933B7764B2ED}.AppStore|Any CPU.ActiveCfg = AppStore|iPhone
		{8E04C381-AFCA-4BC5-946D-933B7764B2ED}.AppStore|ARM.ActiveCfg = AppStore|iPhone
		{8E04C381-AFCA-4BC5-946D-933B7764B2ED}.AppStore|iPhone.ActiveCfg = AppStore|iPhone
		{8E04C381-AFCA-4BC5-946D-933B7764B2ED}.AppStore|iPhone.Build.0 = AppStore|iPhone
		{8E04C381-AFCA-4BC5-946D-933B7764B2ED}.AppStore|iPhoneSimulator.ActiveCfg = AppStore|iPhoneSimulator
		{8E04C381-AFCA-4BC5-946D-933B7764B2ED}.AppStore|iPhoneSimulator.Build.0 = AppStore|iPhoneSimulator
		{8E04C381-AFCA-4BC5-946D-933B7764B2ED}.AppStore|x64.ActiveCfg = AppStore|iPhone
		{8E04C381-AFCA-4BC5-946D-933B7764B2ED}.AppStore|x86.ActiveCfg = AppStore|iPhone
		{8E04C381-AFCA-4BC5-946D-933B7764B2ED}.Debug|Any CPU.ActiveCfg = Debug|iPhone
		{8E04C381-AFCA-4BC5-946D-933B7764B2ED}.Debug|ARM.ActiveCfg = Debug|iPhone
		{8E04C381-AFCA-4BC5-946D-933B7764B2ED}.Debug|iPhone.ActiveCfg = Debug|iPhone
		{8E04C381-AFCA-4BC5-946D-933B7764B2ED}.Debug|iPhone.Build.0 = Debug|iPhone
		{8E04C381-AFCA-4BC5-946D-933B7764B2ED}.Debug|iPhoneSimulator.ActiveCfg = Debug|iPhoneSimulator
		{8E04C381-AFCA-4BC5-946D-933B7764B2ED}.Debug|iPhoneSimulator.Build.0 = Debug|iPhoneSimulator
		{8E04C381-AFCA-4BC5-946D-933B7764B2ED}.Debug|x64.ActiveCfg = Debug|iPhone
		{8E04C381-AFCA-4BC5-946D-933B7764B2ED}.Debug|x86.ActiveCfg = Debug|iPhone
		{8E04C381-AFCA-4BC5-946D-933B7764B2ED}.Release|Any CPU.ActiveCfg = Release|iPhone
		{8E04C381-AFCA-4BC5-946D-933B7764B2ED}.Release|ARM.ActiveCfg = Release|iPhone
		{8E04C381-AFCA-4BC5-946D-933B7764B2ED}.Release|iPhone.ActiveCfg = Release|iPhone
		{8E04C381-AFCA-4BC5-946D-933B7764B2ED}.Release|iPhone.Build.0 = Release|iPhone
		{8E04C381-AFCA-4BC5-946D-933B7764B2ED}.Release|iPhoneSimulator.ActiveCfg = Release|iPhoneSimulator
		{8E04C381-AFCA-4BC5-946D-933B7764B2ED}.Release|iPhoneSimulator.Build.0 = Release|iPhoneSimulator
		{8E04C381-AFCA-4BC5-946D-933B7764B2ED}.Release|x64.ActiveCfg = Release|iPhone
		{8E04C381-AFCA-4BC5-946D-933B7764B2ED}.Release|x86.ActiveCfg = Release|iPhone
		{11B14797-AB92-4B00-9A06-60F566DB5397}.Ad-Hoc|Any CPU.ActiveCfg = Debug|Any CPU
		{11B14797-AB92-4B00-9A06-60F566DB5397}.Ad-Hoc|Any CPU.Build.0 = Debug|Any CPU
		{11B14797-AB92-4B00-9A06-60F566DB5397}.Ad-Hoc|ARM.ActiveCfg = Debug|Any CPU
		{11B14797-AB92-4B00-9A06-60F566DB5397}.Ad-Hoc|ARM.Build.0 = Debug|Any CPU
		{11B14797-AB92-4B00-9A06-60F566DB5397}.Ad-Hoc|iPhone.ActiveCfg = Debug|Any CPU
		{11B14797-AB92-4B00-9A06-60F566DB5397}.Ad-Hoc|iPhone.Build.0 = Debug|Any CPU
		{11B14797-AB92-4B00-9A06-60F566DB5397}.Ad-Hoc|iPhoneSimulator.ActiveCfg = Debug|Any CPU
		{11B14797-AB92-4B00-9A06-60F566DB5397}.Ad-Hoc|iPhoneSimulator.Build.0 = Debug|Any CPU
		{11B14797-AB92-4B00-9A06-60F566DB5397}.Ad-Hoc|x64.ActiveCfg = Debug|Any CPU
		{11B14797-AB92-4B00-9A06-60F566DB5397}.Ad-Hoc|x64.Build.0 = Debug|Any CPU
		{11B14797-AB92-4B00-9A06-60F566DB5397}.Ad-Hoc|x86.ActiveCfg = Debug|Any CPU
		{11B14797-AB92-4B00-9A06-60F566DB5397}.Ad-Hoc|x86.Build.0 = Debug|Any CPU
		{11B14797-AB92-4B00-9A06-60F566DB5397}.AppStore|Any CPU.ActiveCfg = Debug|Any CPU
		{11B14797-AB92-4B00-9A06-60F566DB5397}.AppStore|Any CPU.Build.0 = Debug|Any CPU
		{11B14797-AB92-4B00-9A06-60F566DB5397}.AppStore|ARM.ActiveCfg = Debug|Any CPU
		{11B14797-AB92-4B00-9A06-60F566DB5397}.AppStore|ARM.Build.0 = Debug|Any CPU
		{11B14797-AB92-4B00-9A06-60F566DB5397}.AppStore|iPhone.ActiveCfg = Debug|Any CPU
		{11B14797-AB92-4B00-9A06-60F566DB5397}.AppStore|iPhone.Build.0 = Debug|Any CPU
		{11B14797-AB92-4B00-9A06-60F566DB5397}.AppStore|iPhoneSimulator.ActiveCfg = Debug|Any CPU
		{11B14797-AB92-4B00-9A06-60F566DB5397}.AppStore|iPhoneSimulator.Build.0 = Debug|Any CPU
		{11B14797-AB92-4B00-9A06-60F566DB5397}.AppStore|x64.ActiveCfg = Debug|Any CPU
		{11B14797-AB92-4B00-9A06-60F566DB5397}.AppStore|x64.Build.0 = Debug|Any CPU
		{11B14797-AB92-4B00-9A06-60F566DB5397}.AppStore|x86.ActiveCfg = Debug|Any CPU
		{11B14797-AB92-4B00-9A06-60F566DB5397}.AppStore|x86.Build.0 = Debug|Any CPU
		{11B14797-AB92-4B00-9A06-60F566DB5397}.Debug|Any CPU.ActiveCfg = Debug|Any CPU
		{11B14797-AB92-4B00-9A06-60F566DB5397}.Debug|Any CPU.Build.0 = Debug|Any CPU
		{11B14797-AB92-4B00-9A06-60F566DB5397}.Debug|ARM.ActiveCfg = Debug|Any CPU
		{11B14797-AB92-4B00-9A06-60F566DB5397}.Debug|ARM.Build.0 = Debug|Any CPU
		{11B14797-AB92-4B00-9A06-60F566DB5397}.Debug|iPhone.ActiveCfg = Debug|Any CPU
		{11B14797-AB92-4B00-9A06-60F566DB5397}.Debug|iPhone.Build.0 = Debug|Any CPU
		{11B14797-AB92-4B00-9A06-60F566DB5397}.Debug|iPhoneSimulator.ActiveCfg = Debug|Any CPU
		{11B14797-AB92-4B00-9A06-60F566DB5397}.Debug|iPhoneSimulator.Build.0 = Debug|Any CPU
		{11B14797-AB92-4B00-9A06-60F566DB5397}.Debug|x64.ActiveCfg = Debug|Any CPU
		{11B14797-AB92-4B00-9A06-60F566DB5397}.Debug|x64.Build.0 = Debug|Any CPU
		{11B14797-AB92-4B00-9A06-60F566DB5397}.Debug|x86.ActiveCfg = Debug|Any CPU
		{11B14797-AB92-4B00-9A06-60F566DB5397}.Debug|x86.Build.0 = Debug|Any CPU
		{11B14797-AB92-4B00-9A06-60F566DB5397}.Release|Any CPU.ActiveCfg = Release|Any CPU
		{11B14797-AB92-4B00-9A06-60F566DB5397}.Release|Any CPU.Build.0 = Release|Any CPU
		{11B14797-AB92-4B00-9A06-60F566DB5397}.Release|ARM.ActiveCfg = Release|Any CPU
		{11B14797-AB92-4B00-9A06-60F566DB5397}.Release|ARM.Build.0 = Release|Any CPU
		{11B14797-AB92-4B00-9A06-60F566DB5397}.Release|iPhone.ActiveCfg = Release|Any CPU
		{11B14797-AB92-4B00-9A06-60F566DB5397}.Release|iPhone.Build.0 = Release|Any CPU
		{11B14797-AB92-4B00-9A06-60F566DB5397}.Release|iPhoneSimulator.ActiveCfg = Release|Any CPU
		{11B14797-AB92-4B00-9A06-60F566DB5397}.Release|iPhoneSimulator.Build.0 = Release|Any CPU
		{11B14797-AB92-4B00-9A06-60F566DB5397}.Release|x64.ActiveCfg = Release|Any CPU
		{11B14797-AB92-4B00-9A06-60F566DB5397}.Release|x64.Build.0 = Release|Any CPU
		{11B14797-AB92-4B00-9A06-60F566DB5397}.Release|x86.ActiveCfg = Release|Any CPU
		{11B14797-AB92-4B00-9A06-60F566DB5397}.Release|x86.Build.0 = Release|Any CPU
	EndGlobalSection
	GlobalSection(SolutionProperties) = preSolution
		HideSolutionNode = FALSE
	EndGlobalSection
	GlobalSection(ExtensibilityGlobals) = postSolution
		SolutionGuid = {5A0DB8C5-E3A0-465C-81D7-318E1DB091A8}
	EndGlobalSection
EndGlobal
