
Microsoft Visual Studio Solution File, Format Version 12.00
# Visual Studio 2013
VisualStudioVersion = 12.0.30501.0
MinimumVisualStudioVersion = 10.0.40219.1
Project("{FAE04EC0-301F-11D3-BF4B-00C04F79EFBC}") = "MVVMbasicsWPF", "MVVMbasicsWPF\MVVMbasicsWPF.csproj", "{9E99E0DC-B0B4-4462-BC43-85AC90B5EF8B}"
EndProject
Project("{FAE04EC0-301F-11D3-BF4B-00C04F79EFBC}") = "MVVMbasics", "..\MVVMbasics\MVVMbasics\MVVMbasics.csproj", "{D3DC40A3-22C8-49E6-B147-D84B34BF3835}"
EndProject
Global
	GlobalSection(SolutionConfigurationPlatforms) = preSolution
		Debug|Any CPU = Debug|Any CPU
		Release|Any CPU = Release|Any CPU
	EndGlobalSection
	GlobalSection(ProjectConfigurationPlatforms) = postSolution
		{9E99E0DC-B0B4-4462-BC43-85AC90B5EF8B}.Debug|Any CPU.ActiveCfg = Debug|Any CPU
		{9E99E0DC-B0B4-4462-BC43-85AC90B5EF8B}.Debug|Any CPU.Build.0 = Debug|Any CPU
		{9E99E0DC-B0B4-4462-BC43-85AC90B5EF8B}.Release|Any CPU.ActiveCfg = Release|Any CPU
		{9E99E0DC-B0B4-4462-BC43-85AC90B5EF8B}.Release|Any CPU.Build.0 = Release|Any CPU
		{D3DC40A3-22C8-49E6-B147-D84B34BF3835}.Debug|Any CPU.ActiveCfg = Debug|Any CPU
		{D3DC40A3-22C8-49E6-B147-D84B34BF3835}.Debug|Any CPU.Build.0 = Debug|Any CPU
		{D3DC40A3-22C8-49E6-B147-D84B34BF3835}.Release|Any CPU.ActiveCfg = Release|Any CPU
		{D3DC40A3-22C8-49E6-B147-D84B34BF3835}.Release|Any CPU.Build.0 = Release|Any CPU
	EndGlobalSection
	GlobalSection(SolutionProperties) = preSolution
		HideSolutionNode = FALSE
	EndGlobalSection
EndGlobal
